// !$*UTF8*$!
{
	archiveVersion = 1;
	classes = {
	};
	objectVersion = 46;
	objects = {

/* Begin PBXBuildFile section */
		BFD1268514EBB7D800042533 /* Foundation.framework in Frameworks */ = {isa = PBXBuildFile; fileRef = BFD1268414EBB7D800042533 /* Foundation.framework */; };
		BFD1268B14EBB7D800042533 /* QRZBar.m in Sources */ = {isa = PBXBuildFile; fileRef = BFD1268A14EBB7D800042533 /* QRZBar.m */; };
		BFD1269614EBB7D800042533 /* Foundation.framework in Frameworks */ = {isa = PBXBuildFile; fileRef = BFD1268414EBB7D800042533 /* Foundation.framework */; };
		BFD1269914EBB7D800042533 /* libQRZBar.a in Frameworks */ = {isa = PBXBuildFile; fileRef = BFD1268114EBB7D700042533 /* libQRZBar.a */; };
		BFD1269F14EBB7D800042533 /* InfoPlist.strings in Resources */ = {isa = PBXBuildFile; fileRef = BFD1269D14EBB7D800042533 /* InfoPlist.strings */; };
		BFD126A214EBB7D800042533 /* QRZBarTests.m in Sources */ = {isa = PBXBuildFile; fileRef = BFD126A114EBB7D800042533 /* QRZBarTests.m */; };
		BFD126AC14EBB90700042533 /* FlashRuntimeExtensions.h in Headers */ = {isa = PBXBuildFile; fileRef = BFD126AB14EBB90700042533 /* FlashRuntimeExtensions.h */; };
		BFD126AF14EBB94B00042533 /* CameraPreviewManager.h in Headers */ = {isa = PBXBuildFile; fileRef = BFD126AD14EBB94B00042533 /* CameraPreviewManager.h */; };
		BFD126B014EBB94B00042533 /* CameraPreviewManager.m in Sources */ = {isa = PBXBuildFile; fileRef = BFD126AE14EBB94B00042533 /* CameraPreviewManager.m */; };
		BFD126B514EBC37300042533 /* AVFoundation.framework in Frameworks */ = {isa = PBXBuildFile; fileRef = BFD126B414EBC37300042533 /* AVFoundation.framework */; };
		BFD126B714EBC37C00042533 /* CoreMedia.framework in Frameworks */ = {isa = PBXBuildFile; fileRef = BFD126B614EBC37C00042533 /* CoreMedia.framework */; };
		BFD126B914EBC38500042533 /* CoreVideo.framework in Frameworks */ = {isa = PBXBuildFile; fileRef = BFD126B814EBC38500042533 /* CoreVideo.framework */; };
		BFD126BB14EBC39000042533 /* QuartzCore.framework in Frameworks */ = {isa = PBXBuildFile; fileRef = BFD126BA14EBC39000042533 /* QuartzCore.framework */; };
		BFD126BD14EBC39E00042533 /* libiconv.dylib in Frameworks */ = {isa = PBXBuildFile; fileRef = BFD126BC14EBC39E00042533 /* libiconv.dylib */; };
		BFD126E014EBCE3C00042533 /* Decoder.h in Headers */ = {isa = PBXBuildFile; fileRef = BFD126C614EBCE3C00042533 /* Decoder.h */; };
		BFD126E114EBCE3C00042533 /* Exception.h in Headers */ = {isa = PBXBuildFile; fileRef = BFD126C714EBCE3C00042533 /* Exception.h */; };
		BFD126E214EBCE3C00042533 /* Image.h in Headers */ = {isa = PBXBuildFile; fileRef = BFD126C814EBCE3C00042533 /* Image.h */; };
		BFD126E314EBCE3C00042533 /* ImageScanner.h in Headers */ = {isa = PBXBuildFile; fileRef = BFD126C914EBCE3C00042533 /* ImageScanner.h */; };
		BFD126E414EBCE3C00042533 /* Processor.h in Headers */ = {isa = PBXBuildFile; fileRef = BFD126CA14EBCE3C00042533 /* Processor.h */; };
		BFD126E514EBCE3C00042533 /* Scanner.h in Headers */ = {isa = PBXBuildFile; fileRef = BFD126CB14EBCE3C00042533 /* Scanner.h */; };
		BFD126E614EBCE3C00042533 /* Symbol.h in Headers */ = {isa = PBXBuildFile; fileRef = BFD126CC14EBCE3C00042533 /* Symbol.h */; };
		BFD126E714EBCE3C00042533 /* Video.h in Headers */ = {isa = PBXBuildFile; fileRef = BFD126CD14EBCE3C00042533 /* Video.h */; };
		BFD126E814EBCE3C00042533 /* Window.h in Headers */ = {isa = PBXBuildFile; fileRef = BFD126CE14EBCE3C00042533 /* Window.h */; };
		BFD126E914EBCE3C00042533 /* zbar.h in Headers */ = {isa = PBXBuildFile; fileRef = BFD126CF14EBCE3C00042533 /* zbar.h */; };
		BFD126EA14EBCE3C00042533 /* ZBarCameraSimulator.h in Headers */ = {isa = PBXBuildFile; fileRef = BFD126D014EBCE3C00042533 /* ZBarCameraSimulator.h */; };
		BFD126EB14EBCE3C00042533 /* ZBarCaptureReader.h in Headers */ = {isa = PBXBuildFile; fileRef = BFD126D114EBCE3C00042533 /* ZBarCaptureReader.h */; };
		BFD126EC14EBCE3C00042533 /* ZBarHelpController.h in Headers */ = {isa = PBXBuildFile; fileRef = BFD126D214EBCE3C00042533 /* ZBarHelpController.h */; };
		BFD126ED14EBCE3C00042533 /* ZBarImage.h in Headers */ = {isa = PBXBuildFile; fileRef = BFD126D314EBCE3C00042533 /* ZBarImage.h */; };
		BFD126EE14EBCE3C00042533 /* ZBarImageScanner.h in Headers */ = {isa = PBXBuildFile; fileRef = BFD126D414EBCE3C00042533 /* ZBarImageScanner.h */; };
		BFD126EF14EBCE3C00042533 /* ZBarReaderController.h in Headers */ = {isa = PBXBuildFile; fileRef = BFD126D514EBCE3C00042533 /* ZBarReaderController.h */; };
		BFD126F014EBCE3C00042533 /* ZBarReaderView.h in Headers */ = {isa = PBXBuildFile; fileRef = BFD126D614EBCE3C00042533 /* ZBarReaderView.h */; };
		BFD126F114EBCE3C00042533 /* ZBarReaderViewController.h in Headers */ = {isa = PBXBuildFile; fileRef = BFD126D714EBCE3C00042533 /* ZBarReaderViewController.h */; };
		BFD126F214EBCE3C00042533 /* ZBarSDK.h in Headers */ = {isa = PBXBuildFile; fileRef = BFD126D814EBCE3C00042533 /* ZBarSDK.h */; };
		BFD126F314EBCE3C00042533 /* ZBarSymbol.h in Headers */ = {isa = PBXBuildFile; fileRef = BFD126D914EBCE3C00042533 /* ZBarSymbol.h */; };
		BFD126F414EBCE3C00042533 /* libzbar.a in Frameworks */ = {isa = PBXBuildFile; fileRef = BFD126DA14EBCE3C00042533 /* libzbar.a */; };
/* End PBXBuildFile section */

/* Begin PBXContainerItemProxy section */
		BFD1269714EBB7D800042533 /* PBXContainerItemProxy */ = {
			isa = PBXContainerItemProxy;
			containerPortal = BFD1267814EBB7D700042533 /* Project object */;
			proxyType = 1;
			remoteGlobalIDString = BFD1268014EBB7D700042533;
			remoteInfo = QRZBar;
		};
/* End PBXContainerItemProxy section */

/* Begin PBXFileReference section */
		BFD1268114EBB7D700042533 /* libQRZBar.a */ = {isa = PBXFileReference; explicitFileType = archive.ar; includeInIndex = 0; path = libQRZBar.a; sourceTree = BUILT_PRODUCTS_DIR; };
		BFD1268414EBB7D800042533 /* Foundation.framework */ = {isa = PBXFileReference; lastKnownFileType = wrapper.framework; name = Foundation.framework; path = System/Library/Frameworks/Foundation.framework; sourceTree = SDKROOT; };
		BFD1268814EBB7D800042533 /* QRZBar-Prefix.pch */ = {isa = PBXFileReference; lastKnownFileType = sourcecode.c.h; path = "QRZBar-Prefix.pch"; sourceTree = "<group>"; };
		BFD1268A14EBB7D800042533 /* QRZBar.m */ = {isa = PBXFileReference; lastKnownFileType = sourcecode.c.objc; path = QRZBar.m; sourceTree = "<group>"; };
		BFD1269114EBB7D800042533 /* QRZBarTests.xctest */ = {isa = PBXFileReference; explicitFileType = wrapper.cfbundle; includeInIndex = 0; path = QRZBarTests.xctest; sourceTree = BUILT_PRODUCTS_DIR; };
		BFD1269C14EBB7D800042533 /* QRZBarTests-Info.plist */ = {isa = PBXFileReference; lastKnownFileType = text.plist.xml; path = "QRZBarTests-Info.plist"; sourceTree = "<group>"; };
		BFD1269E14EBB7D800042533 /* en */ = {isa = PBXFileReference; lastKnownFileType = text.plist.strings; name = en; path = en.lproj/InfoPlist.strings; sourceTree = "<group>"; };
		BFD126A014EBB7D800042533 /* QRZBarTests.h */ = {isa = PBXFileReference; lastKnownFileType = sourcecode.c.h; path = QRZBarTests.h; sourceTree = "<group>"; };
		BFD126A114EBB7D800042533 /* QRZBarTests.m */ = {isa = PBXFileReference; lastKnownFileType = sourcecode.c.objc; path = QRZBarTests.m; sourceTree = "<group>"; };
		BFD126AB14EBB90700042533 /* FlashRuntimeExtensions.h */ = {isa = PBXFileReference; fileEncoding = 4; lastKnownFileType = sourcecode.c.h; path = FlashRuntimeExtensions.h; sourceTree = "<group>"; };
		BFD126AD14EBB94B00042533 /* CameraPreviewManager.h */ = {isa = PBXFileReference; fileEncoding = 4; lastKnownFileType = sourcecode.c.h; path = CameraPreviewManager.h; sourceTree = "<group>"; };
		BFD126AE14EBB94B00042533 /* CameraPreviewManager.m */ = {isa = PBXFileReference; fileEncoding = 4; lastKnownFileType = sourcecode.c.objc; path = CameraPreviewManager.m; sourceTree = "<group>"; };
		BFD126B414EBC37300042533 /* AVFoundation.framework */ = {isa = PBXFileReference; lastKnownFileType = wrapper.framework; name = AVFoundation.framework; path = System/Library/Frameworks/AVFoundation.framework; sourceTree = SDKROOT; };
		BFD126B614EBC37C00042533 /* CoreMedia.framework */ = {isa = PBXFileReference; lastKnownFileType = wrapper.framework; name = CoreMedia.framework; path = System/Library/Frameworks/CoreMedia.framework; sourceTree = SDKROOT; };
		BFD126B814EBC38500042533 /* CoreVideo.framework */ = {isa = PBXFileReference; lastKnownFileType = wrapper.framework; name = CoreVideo.framework; path = System/Library/Frameworks/CoreVideo.framework; sourceTree = SDKROOT; };
		BFD126BA14EBC39000042533 /* QuartzCore.framework */ = {isa = PBXFileReference; lastKnownFileType = wrapper.framework; name = QuartzCore.framework; path = System/Library/Frameworks/QuartzCore.framework; sourceTree = SDKROOT; };
		BFD126BC14EBC39E00042533 /* libiconv.dylib */ = {isa = PBXFileReference; lastKnownFileType = "compiled.mach-o.dylib"; name = libiconv.dylib; path = usr/lib/libiconv.dylib; sourceTree = SDKROOT; };
		BFD126C614EBCE3C00042533 /* Decoder.h */ = {isa = PBXFileReference; fileEncoding = 4; lastKnownFileType = sourcecode.c.h; path = Decoder.h; sourceTree = "<group>"; };
		BFD126C714EBCE3C00042533 /* Exception.h */ = {isa = PBXFileReference; fileEncoding = 4; lastKnownFileType = sourcecode.c.h; path = Exception.h; sourceTree = "<group>"; };
		BFD126C814EBCE3C00042533 /* Image.h */ = {isa = PBXFileReference; fileEncoding = 4; lastKnownFileType = sourcecode.c.h; path = Image.h; sourceTree = "<group>"; };
		BFD126C914EBCE3C00042533 /* ImageScanner.h */ = {isa = PBXFileReference; fileEncoding = 4; lastKnownFileType = sourcecode.c.h; path = ImageScanner.h; sourceTree = "<group>"; };
		BFD126CA14EBCE3C00042533 /* Processor.h */ = {isa = PBXFileReference; fileEncoding = 4; lastKnownFileType = sourcecode.c.h; path = Processor.h; sourceTree = "<group>"; };
		BFD126CB14EBCE3C00042533 /* Scanner.h */ = {isa = PBXFileReference; fileEncoding = 4; lastKnownFileType = sourcecode.c.h; path = Scanner.h; sourceTree = "<group>"; };
		BFD126CC14EBCE3C00042533 /* Symbol.h */ = {isa = PBXFileReference; fileEncoding = 4; lastKnownFileType = sourcecode.c.h; path = Symbol.h; sourceTree = "<group>"; };
		BFD126CD14EBCE3C00042533 /* Video.h */ = {isa = PBXFileReference; fileEncoding = 4; lastKnownFileType = sourcecode.c.h; path = Video.h; sourceTree = "<group>"; };
		BFD126CE14EBCE3C00042533 /* Window.h */ = {isa = PBXFileReference; fileEncoding = 4; lastKnownFileType = sourcecode.c.h; path = Window.h; sourceTree = "<group>"; };
		BFD126CF14EBCE3C00042533 /* zbar.h */ = {isa = PBXFileReference; fileEncoding = 4; lastKnownFileType = sourcecode.c.h; path = zbar.h; sourceTree = "<group>"; };
		BFD126D014EBCE3C00042533 /* ZBarCameraSimulator.h */ = {isa = PBXFileReference; fileEncoding = 4; lastKnownFileType = sourcecode.c.h; path = ZBarCameraSimulator.h; sourceTree = "<group>"; };
		BFD126D114EBCE3C00042533 /* ZBarCaptureReader.h */ = {isa = PBXFileReference; fileEncoding = 4; lastKnownFileType = sourcecode.c.h; path = ZBarCaptureReader.h; sourceTree = "<group>"; };
		BFD126D214EBCE3C00042533 /* ZBarHelpController.h */ = {isa = PBXFileReference; fileEncoding = 4; lastKnownFileType = sourcecode.c.h; path = ZBarHelpController.h; sourceTree = "<group>"; };
		BFD126D314EBCE3C00042533 /* ZBarImage.h */ = {isa = PBXFileReference; fileEncoding = 4; lastKnownFileType = sourcecode.c.h; path = ZBarImage.h; sourceTree = "<group>"; };
		BFD126D414EBCE3C00042533 /* ZBarImageScanner.h */ = {isa = PBXFileReference; fileEncoding = 4; lastKnownFileType = sourcecode.c.h; path = ZBarImageScanner.h; sourceTree = "<group>"; };
		BFD126D514EBCE3C00042533 /* ZBarReaderController.h */ = {isa = PBXFileReference; fileEncoding = 4; lastKnownFileType = sourcecode.c.h; path = ZBarReaderController.h; sourceTree = "<group>"; };
		BFD126D614EBCE3C00042533 /* ZBarReaderView.h */ = {isa = PBXFileReference; fileEncoding = 4; lastKnownFileType = sourcecode.c.h; path = ZBarReaderView.h; sourceTree = "<group>"; };
		BFD126D714EBCE3C00042533 /* ZBarReaderViewController.h */ = {isa = PBXFileReference; fileEncoding = 4; lastKnownFileType = sourcecode.c.h; path = ZBarReaderViewController.h; sourceTree = "<group>"; };
		BFD126D814EBCE3C00042533 /* ZBarSDK.h */ = {isa = PBXFileReference; fileEncoding = 4; lastKnownFileType = sourcecode.c.h; path = ZBarSDK.h; sourceTree = "<group>"; };
		BFD126D914EBCE3C00042533 /* ZBarSymbol.h */ = {isa = PBXFileReference; fileEncoding = 4; lastKnownFileType = sourcecode.c.h; path = ZBarSymbol.h; sourceTree = "<group>"; };
		BFD126DA14EBCE3C00042533 /* libzbar.a */ = {isa = PBXFileReference; lastKnownFileType = archive.ar; path = libzbar.a; sourceTree = "<group>"; };
		BFD126DC14EBCE3C00042533 /* zbar-back.png */ = {isa = PBXFileReference; lastKnownFileType = image.png; path = "zbar-back.png"; sourceTree = "<group>"; };
		BFD126DD14EBCE3C00042533 /* zbar-help.html */ = {isa = PBXFileReference; fileEncoding = 4; lastKnownFileType = text.html; path = "zbar-help.html"; sourceTree = "<group>"; };
		BFD126DE14EBCE3C00042533 /* zbar-helpicons.png */ = {isa = PBXFileReference; lastKnownFileType = image.png; path = "zbar-helpicons.png"; sourceTree = "<group>"; };
		BFD126DF14EBCE3C00042533 /* zbar-samples.png */ = {isa = PBXFileReference; lastKnownFileType = image.png; path = "zbar-samples.png"; sourceTree = "<group>"; };
/* End PBXFileReference section */

/* Begin PBXFrameworksBuildPhase section */
		BFD1267E14EBB7D700042533 /* Frameworks */ = {
			isa = PBXFrameworksBuildPhase;
			buildActionMask = 2147483647;
			files = (
				BFD126BD14EBC39E00042533 /* libiconv.dylib in Frameworks */,
				BFD126BB14EBC39000042533 /* QuartzCore.framework in Frameworks */,
				BFD126B914EBC38500042533 /* CoreVideo.framework in Frameworks */,
				BFD126B714EBC37C00042533 /* CoreMedia.framework in Frameworks */,
				BFD126B514EBC37300042533 /* AVFoundation.framework in Frameworks */,
				BFD1268514EBB7D800042533 /* Foundation.framework in Frameworks */,
				BFD126F414EBCE3C00042533 /* libzbar.a in Frameworks */,
			);
			runOnlyForDeploymentPostprocessing = 0;
		};
		BFD1268D14EBB7D800042533 /* Frameworks */ = {
			isa = PBXFrameworksBuildPhase;
			buildActionMask = 2147483647;
			files = (
				BFD1269614EBB7D800042533 /* Foundation.framework in Frameworks */,
				BFD1269914EBB7D800042533 /* libQRZBar.a in Frameworks */,
			);
			runOnlyForDeploymentPostprocessing = 0;
		};
/* End PBXFrameworksBuildPhase section */

/* Begin PBXGroup section */
		BFD1267614EBB7D700042533 = {
			isa = PBXGroup;
			children = (
				BFD126BC14EBC39E00042533 /* libiconv.dylib */,
				BFD126BA14EBC39000042533 /* QuartzCore.framework */,
				BFD126B814EBC38500042533 /* CoreVideo.framework */,
				BFD126B614EBC37C00042533 /* CoreMedia.framework */,
				BFD126B414EBC37300042533 /* AVFoundation.framework */,
				BFD1268614EBB7D800042533 /* QRZBar */,
				BFD1269A14EBB7D800042533 /* QRZBarTests */,
				BFD1268314EBB7D800042533 /* Frameworks */,
				BFD1268214EBB7D700042533 /* Products */,
			);
			sourceTree = "<group>";
		};
		BFD1268214EBB7D700042533 /* Products */ = {
			isa = PBXGroup;
			children = (
				BFD1268114EBB7D700042533 /* libQRZBar.a */,
				BFD1269114EBB7D800042533 /* QRZBarTests.xctest */,
			);
			name = Products;
			sourceTree = "<group>";
		};
		BFD1268314EBB7D800042533 /* Frameworks */ = {
			isa = PBXGroup;
			children = (
				BFD1268414EBB7D800042533 /* Foundation.framework */,
			);
			name = Frameworks;
			sourceTree = "<group>";
		};
		BFD1268614EBB7D800042533 /* QRZBar */ = {
			isa = PBXGroup;
			children = (
				BFD126C214EBCE3C00042533 /* ZBarSDK */,
				BFD126AB14EBB90700042533 /* FlashRuntimeExtensions.h */,
				BFD1268A14EBB7D800042533 /* QRZBar.m */,
				BFD1268714EBB7D800042533 /* Supporting Files */,
				BFD126AD14EBB94B00042533 /* CameraPreviewManager.h */,
				BFD126AE14EBB94B00042533 /* CameraPreviewManager.m */,
			);
			path = QRZBar;
			sourceTree = "<group>";
		};
		BFD1268714EBB7D800042533 /* Supporting Files */ = {
			isa = PBXGroup;
			children = (
				BFD1268814EBB7D800042533 /* QRZBar-Prefix.pch */,
			);
			name = "Supporting Files";
			sourceTree = "<group>";
		};
		BFD1269A14EBB7D800042533 /* QRZBarTests */ = {
			isa = PBXGroup;
			children = (
				BFD126A014EBB7D800042533 /* QRZBarTests.h */,
				BFD126A114EBB7D800042533 /* QRZBarTests.m */,
				BFD1269B14EBB7D800042533 /* Supporting Files */,
			);
			path = QRZBarTests;
			sourceTree = "<group>";
		};
		BFD1269B14EBB7D800042533 /* Supporting Files */ = {
			isa = PBXGroup;
			children = (
				BFD1269C14EBB7D800042533 /* QRZBarTests-Info.plist */,
				BFD1269D14EBB7D800042533 /* InfoPlist.strings */,
			);
			name = "Supporting Files";
			sourceTree = "<group>";
		};
		BFD126C214EBCE3C00042533 /* ZBarSDK */ = {
			isa = PBXGroup;
			children = (
				BFD126C314EBCE3C00042533 /* Headers */,
				BFD126DA14EBCE3C00042533 /* libzbar.a */,
				BFD126DB14EBCE3C00042533 /* Resources */,
			);
			path = ZBarSDK;
			sourceTree = "<group>";
		};
		BFD126C314EBCE3C00042533 /* Headers */ = {
			isa = PBXGroup;
			children = (
				BFD126C414EBCE3C00042533 /* ZBarSDK */,
			);
			path = Headers;
			sourceTree = "<group>";
		};
		BFD126C414EBCE3C00042533 /* ZBarSDK */ = {
			isa = PBXGroup;
			children = (
				BFD126C514EBCE3C00042533 /* zbar */,
				BFD126CF14EBCE3C00042533 /* zbar.h */,
				BFD126D014EBCE3C00042533 /* ZBarCameraSimulator.h */,
				BFD126D114EBCE3C00042533 /* ZBarCaptureReader.h */,
				BFD126D214EBCE3C00042533 /* ZBarHelpController.h */,
				BFD126D314EBCE3C00042533 /* ZBarImage.h */,
				BFD126D414EBCE3C00042533 /* ZBarImageScanner.h */,
				BFD126D514EBCE3C00042533 /* ZBarReaderController.h */,
				BFD126D614EBCE3C00042533 /* ZBarReaderView.h */,
				BFD126D714EBCE3C00042533 /* ZBarReaderViewController.h */,
				BFD126D814EBCE3C00042533 /* ZBarSDK.h */,
				BFD126D914EBCE3C00042533 /* ZBarSymbol.h */,
			);
			path = ZBarSDK;
			sourceTree = "<group>";
		};
		BFD126C514EBCE3C00042533 /* zbar */ = {
			isa = PBXGroup;
			children = (
				BFD126C614EBCE3C00042533 /* Decoder.h */,
				BFD126C714EBCE3C00042533 /* Exception.h */,
				BFD126C814EBCE3C00042533 /* Image.h */,
				BFD126C914EBCE3C00042533 /* ImageScanner.h */,
				BFD126CA14EBCE3C00042533 /* Processor.h */,
				BFD126CB14EBCE3C00042533 /* Scanner.h */,
				BFD126CC14EBCE3C00042533 /* Symbol.h */,
				BFD126CD14EBCE3C00042533 /* Video.h */,
				BFD126CE14EBCE3C00042533 /* Window.h */,
			);
			path = zbar;
			sourceTree = "<group>";
		};
		BFD126DB14EBCE3C00042533 /* Resources */ = {
			isa = PBXGroup;
			children = (
				BFD126DC14EBCE3C00042533 /* zbar-back.png */,
				BFD126DD14EBCE3C00042533 /* zbar-help.html */,
				BFD126DE14EBCE3C00042533 /* zbar-helpicons.png */,
				BFD126DF14EBCE3C00042533 /* zbar-samples.png */,
			);
			path = Resources;
			sourceTree = "<group>";
		};
/* End PBXGroup section */

/* Begin PBXHeadersBuildPhase section */
		BFD1267F14EBB7D700042533 /* Headers */ = {
			isa = PBXHeadersBuildPhase;
			buildActionMask = 2147483647;
			files = (
				BFD126AC14EBB90700042533 /* FlashRuntimeExtensions.h in Headers */,
				BFD126AF14EBB94B00042533 /* CameraPreviewManager.h in Headers */,
				BFD126E014EBCE3C00042533 /* Decoder.h in Headers */,
				BFD126E114EBCE3C00042533 /* Exception.h in Headers */,
				BFD126E214EBCE3C00042533 /* Image.h in Headers */,
				BFD126E314EBCE3C00042533 /* ImageScanner.h in Headers */,
				BFD126E414EBCE3C00042533 /* Processor.h in Headers */,
				BFD126E514EBCE3C00042533 /* Scanner.h in Headers */,
				BFD126E614EBCE3C00042533 /* Symbol.h in Headers */,
				BFD126E714EBCE3C00042533 /* Video.h in Headers */,
				BFD126E814EBCE3C00042533 /* Window.h in Headers */,
				BFD126E914EBCE3C00042533 /* zbar.h in Headers */,
				BFD126EA14EBCE3C00042533 /* ZBarCameraSimulator.h in Headers */,
				BFD126EB14EBCE3C00042533 /* ZBarCaptureReader.h in Headers */,
				BFD126EC14EBCE3C00042533 /* ZBarHelpController.h in Headers */,
				BFD126ED14EBCE3C00042533 /* ZBarImage.h in Headers */,
				BFD126EE14EBCE3C00042533 /* ZBarImageScanner.h in Headers */,
				BFD126EF14EBCE3C00042533 /* ZBarReaderController.h in Headers */,
				BFD126F014EBCE3C00042533 /* ZBarReaderView.h in Headers */,
				BFD126F114EBCE3C00042533 /* ZBarReaderViewController.h in Headers */,
				BFD126F214EBCE3C00042533 /* ZBarSDK.h in Headers */,
				BFD126F314EBCE3C00042533 /* ZBarSymbol.h in Headers */,
			);
			runOnlyForDeploymentPostprocessing = 0;
		};
/* End PBXHeadersBuildPhase section */

/* Begin PBXNativeTarget section */
		BFD1268014EBB7D700042533 /* QRZBar */ = {
			isa = PBXNativeTarget;
			buildConfigurationList = BFD126A514EBB7D800042533 /* Build configuration list for PBXNativeTarget "QRZBar" */;
			buildPhases = (
				BFD1267D14EBB7D700042533 /* Sources */,
				BFD1267E14EBB7D700042533 /* Frameworks */,
				BFD1267F14EBB7D700042533 /* Headers */,
			);
			buildRules = (
			);
			dependencies = (
			);
			name = QRZBar;
			productName = QRZBar;
			productReference = BFD1268114EBB7D700042533 /* libQRZBar.a */;
			productType = "com.apple.product-type.library.static";
		};
		BFD1269014EBB7D800042533 /* QRZBarTests */ = {
			isa = PBXNativeTarget;
			buildConfigurationList = BFD126A814EBB7D800042533 /* Build configuration list for PBXNativeTarget "QRZBarTests" */;
			buildPhases = (
				BFD1268C14EBB7D800042533 /* Sources */,
				BFD1268D14EBB7D800042533 /* Frameworks */,
				BFD1268E14EBB7D800042533 /* Resources */,
				BFD1268F14EBB7D800042533 /* ShellScript */,
			);
			buildRules = (
			);
			dependencies = (
				BFD1269814EBB7D800042533 /* PBXTargetDependency */,
			);
			name = QRZBarTests;
			productName = QRZBarTests;
			productReference = BFD1269114EBB7D800042533 /* QRZBarTests.xctest */;
			productType = "com.apple.product-type.bundle.unit-test";
		};
/* End PBXNativeTarget section */

/* Begin PBXProject section */
		BFD1267814EBB7D700042533 /* Project object */ = {
			isa = PBXProject;
			attributes = {
				LastTestingUpgradeCheck = 0610;
				LastUpgradeCheck = 0610;
				ORGANIZATIONNAME = "Saumitra R Bhave";
			};
			buildConfigurationList = BFD1267B14EBB7D700042533 /* Build configuration list for PBXProject "QRZBar" */;
			compatibilityVersion = "Xcode 3.2";
			developmentRegion = English;
			hasScannedForEncodings = 0;
			knownRegions = (
				en,
				Base,
			);
			mainGroup = BFD1267614EBB7D700042533;
			productRefGroup = BFD1268214EBB7D700042533 /* Products */;
			projectDirPath = "";
			projectRoot = "";
			targets = (
				BFD1268014EBB7D700042533 /* QRZBar */,
				BFD1269014EBB7D800042533 /* QRZBarTests */,
			);
		};
/* End PBXProject section */

/* Begin PBXResourcesBuildPhase section */
		BFD1268E14EBB7D800042533 /* Resources */ = {
			isa = PBXResourcesBuildPhase;
			buildActionMask = 2147483647;
			files = (
				BFD1269F14EBB7D800042533 /* InfoPlist.strings in Resources */,
			);
			runOnlyForDeploymentPostprocessing = 0;
		};
/* End PBXResourcesBuildPhase section */

/* Begin PBXShellScriptBuildPhase section */
		BFD1268F14EBB7D800042533 /* ShellScript */ = {
			isa = PBXShellScriptBuildPhase;
			buildActionMask = 2147483647;
			files = (
			);
			inputPaths = (
			);
			outputPaths = (
			);
			runOnlyForDeploymentPostprocessing = 0;
			shellPath = /bin/sh;
			shellScript = "# Run the unit tests in this test bundle.\n\"${SYSTEM_DEVELOPER_DIR}/Tools/RunUnitTests\"\n";
		};
/* End PBXShellScriptBuildPhase section */

/* Begin PBXSourcesBuildPhase section */
		BFD1267D14EBB7D700042533 /* Sources */ = {
			isa = PBXSourcesBuildPhase;
			buildActionMask = 2147483647;
			files = (
				BFD1268B14EBB7D800042533 /* QRZBar.m in Sources */,
				BFD126B014EBB94B00042533 /* CameraPreviewManager.m in Sources */,
			);
			runOnlyForDeploymentPostprocessing = 0;
		};
		BFD1268C14EBB7D800042533 /* Sources */ = {
			isa = PBXSourcesBuildPhase;
			buildActionMask = 2147483647;
			files = (
				BFD126A214EBB7D800042533 /* QRZBarTests.m in Sources */,
			);
			runOnlyForDeploymentPostprocessing = 0;
		};
/* End PBXSourcesBuildPhase section */

/* Begin PBXTargetDependency section */
		BFD1269814EBB7D800042533 /* PBXTargetDependency */ = {
			isa = PBXTargetDependency;
			target = BFD1268014EBB7D700042533 /* QRZBar */;
			targetProxy = BFD1269714EBB7D800042533 /* PBXContainerItemProxy */;
		};
/* End PBXTargetDependency section */

/* Begin PBXVariantGroup section */
		BFD1269D14EBB7D800042533 /* InfoPlist.strings */ = {
			isa = PBXVariantGroup;
			children = (
				BFD1269E14EBB7D800042533 /* en */,
			);
			name = InfoPlist.strings;
			sourceTree = "<group>";
		};
/* End PBXVariantGroup section */

/* Begin XCBuildConfiguration section */
		BFD126A314EBB7D800042533 /* Debug */ = {
			isa = XCBuildConfiguration;
			buildSettings = {
				ALWAYS_SEARCH_USER_PATHS = NO;
				ARCHS = "$(ARCHS_STANDARD_32_BIT)";
				CLANG_ENABLE_OBJC_ARC = YES;
				CLANG_WARN_BOOL_CONVERSION = YES;
				CLANG_WARN_CONSTANT_CONVERSION = YES;
				CLANG_WARN_EMPTY_BODY = YES;
				CLANG_WARN_ENUM_CONVERSION = YES;
				CLANG_WARN_INT_CONVERSION = YES;
				CLANG_WARN_UNREACHABLE_CODE = YES;
				CLANG_WARN__DUPLICATE_METHOD_MATCH = YES;
				COPY_PHASE_STRIP = NO;
				ENABLE_STRICT_OBJC_MSGSEND = YES;
				GCC_C_LANGUAGE_STANDARD = gnu99;
				GCC_DYNAMIC_NO_PIC = NO;
				GCC_OPTIMIZATION_LEVEL = 0;
				GCC_PREPROCESSOR_DEFINITIONS = (
					"DEBUG=1",
					"$(inherited)",
				);
				GCC_SYMBOLS_PRIVATE_EXTERN = NO;
				GCC_VERSION = com.apple.compilers.llvm.clang.1_0;
				GCC_WARN_64_TO_32_BIT_CONVERSION = YES;
				GCC_WARN_ABOUT_MISSING_PROTOTYPES = YES;
				GCC_WARN_ABOUT_RETURN_TYPE = YES;
				GCC_WARN_UNDECLARED_SELECTOR = YES;
				GCC_WARN_UNINITIALIZED_AUTOS = YES;
				GCC_WARN_UNUSED_FUNCTION = YES;
				GCC_WARN_UNUSED_VARIABLE = YES;
				IPHONEOS_DEPLOYMENT_TARGET = 4.3;
				SDKROOT = iphoneos;
			};
			name = Debug;
		};
		BFD126A414EBB7D800042533 /* Release */ = {
			isa = XCBuildConfiguration;
			buildSettings = {
				ALWAYS_SEARCH_USER_PATHS = NO;
				ARCHS = "$(ARCHS_STANDARD_32_BIT)";
				CLANG_ENABLE_OBJC_ARC = YES;
				CLANG_WARN_BOOL_CONVERSION = YES;
				CLANG_WARN_CONSTANT_CONVERSION = YES;
				CLANG_WARN_EMPTY_BODY = YES;
				CLANG_WARN_ENUM_CONVERSION = YES;
				CLANG_WARN_INT_CONVERSION = YES;
				CLANG_WARN_UNREACHABLE_CODE = YES;
				CLANG_WARN__DUPLICATE_METHOD_MATCH = YES;
				COPY_PHASE_STRIP = YES;
				ENABLE_STRICT_OBJC_MSGSEND = YES;
				GCC_C_LANGUAGE_STANDARD = gnu99;
				GCC_VERSION = com.apple.compilers.llvm.clang.1_0;
				GCC_WARN_64_TO_32_BIT_CONVERSION = YES;
				GCC_WARN_ABOUT_MISSING_PROTOTYPES = YES;
				GCC_WARN_ABOUT_RETURN_TYPE = YES;
				GCC_WARN_UNDECLARED_SELECTOR = YES;
				GCC_WARN_UNINITIALIZED_AUTOS = YES;
				GCC_WARN_UNUSED_FUNCTION = YES;
				GCC_WARN_UNUSED_VARIABLE = YES;
				IPHONEOS_DEPLOYMENT_TARGET = 4.3;
				SDKROOT = iphoneos;
				VALIDATE_PRODUCT = YES;
			};
			name = Release;
		};
		BFD126A614EBB7D800042533 /* Debug */ = {
			isa = XCBuildConfiguration;
			buildSettings = {
				CLANG_ENABLE_OBJC_ARC = NO;
				CONFIGURATION_BUILD_DIR = ../output;
				CONFIGURATION_TEMP_DIR = ../out;
				DSTROOT = /tmp/QRZBar.dst;
				GCC_ENABLE_CPP_EXCEPTIONS = NO;
				GCC_ENABLE_OBJC_EXCEPTIONS = NO;
				GCC_LINK_WITH_DYNAMIC_LIBRARIES = YES;
				GCC_PRECOMPILE_PREFIX_HEADER = YES;
				GCC_PREFIX_HEADER = "QRZBar/QRZBar-Prefix.pch";
				GCC_VERSION = "";
				IPHONEOS_DEPLOYMENT_TARGET = 4.0;
				LIBRARY_SEARCH_PATHS = (
					"$(inherited)",
					"\"$(SRCROOT)/QRZBar/ZBarSDK\"",
				);
				LINK_WITH_STANDARD_LIBRARIES = NO;
				OTHER_LDFLAGS = "-ObjC";
				PRODUCT_NAME = "$(TARGET_NAME)";
				RUN_CLANG_STATIC_ANALYZER = YES;
				SKIP_INSTALL = YES;
				VALID_ARCHS = armv7;
			};
			name = Debug;
		};
		BFD126A714EBB7D800042533 /* Release */ = {
			isa = XCBuildConfiguration;
			buildSettings = {
				CLANG_ENABLE_OBJC_ARC = NO;
				CONFIGURATION_BUILD_DIR = ../output;
				CONFIGURATION_TEMP_DIR = ../out;
				COPY_PHASE_STRIP = YES;
				DSTROOT = /tmp/QRZBar.dst;
				GCC_ENABLE_CPP_EXCEPTIONS = NO;
				GCC_ENABLE_OBJC_EXCEPTIONS = NO;
				GCC_LINK_WITH_DYNAMIC_LIBRARIES = YES;
				GCC_PRECOMPILE_PREFIX_HEADER = YES;
				GCC_PREFIX_HEADER = "QRZBar/QRZBar-Prefix.pch";
				GCC_VERSION = "";
				IPHONEOS_DEPLOYMENT_TARGET = 4.0;
				LIBRARY_SEARCH_PATHS = (
					"$(inherited)",
					"\"$(SRCROOT)/QRZBar/ZBarSDK\"",
				);
				LINK_WITH_STANDARD_LIBRARIES = NO;
				OTHER_LDFLAGS = "-ObjC";
				PRODUCT_NAME = "$(TARGET_NAME)";
				RUN_CLANG_STATIC_ANALYZER = YES;
				SKIP_INSTALL = YES;
				VALID_ARCHS = armv7;
			};
			name = Release;
		};
		BFD126A914EBB7D800042533 /* Debug */ = {
			isa = XCBuildConfiguration;
			buildSettings = {
				ARCHS = "$(ARCHS_STANDARD)";
				FRAMEWORK_SEARCH_PATHS = (
					"$(SDKROOT)/Developer/Library/Frameworks",
					"$(inherited)",
				);
				GCC_PRECOMPILE_PREFIX_HEADER = YES;
				GCC_PREFIX_HEADER = "QRZBar/QRZBar-Prefix.pch";
				INFOPLIST_FILE = "QRZBarTests/QRZBarTests-Info.plist";
				IPHONEOS_DEPLOYMENT_TARGET = 5.1.1;
				PRODUCT_NAME = "$(TARGET_NAME)";
			};
			name = Debug;
		};
		BFD126AA14EBB7D800042533 /* Release */ = {
			isa = XCBuildConfiguration;
			buildSettings = {
				ARCHS = "$(ARCHS_STANDARD)";
				FRAMEWORK_SEARCH_PATHS = (
					"$(SDKROOT)/Developer/Library/Frameworks",
					"$(inherited)",
				);
				GCC_PRECOMPILE_PREFIX_HEADER = YES;
				GCC_PREFIX_HEADER = "QRZBar/QRZBar-Prefix.pch";
				INFOPLIST_FILE = "QRZBarTests/QRZBarTests-Info.plist";
				IPHONEOS_DEPLOYMENT_TARGET = 5.1.1;
				PRODUCT_NAME = "$(TARGET_NAME)";
			};
			name = Release;
		};
/* End XCBuildConfiguration section */

/* Begin XCConfigurationList section */
		BFD1267B14EBB7D700042533 /* Build configuration list for PBXProject "QRZBar" */ = {
			isa = XCConfigurationList;
			buildConfigurations = (
				BFD126A314EBB7D800042533 /* Debug */,
				BFD126A414EBB7D800042533 /* Release */,
			);
			defaultConfigurationIsVisible = 0;
			defaultConfigurationName = Release;
		};
		BFD126A514EBB7D800042533 /* Build configuration list for PBXNativeTarget "QRZBar" */ = {
			isa = XCConfigurationList;
			buildConfigurations = (
				BFD126A614EBB7D800042533 /* Debug */,
				BFD126A714EBB7D800042533 /* Release */,
			);
			defaultConfigurationIsVisible = 0;
			defaultConfigurationName = Release;
		};
		BFD126A814EBB7D800042533 /* Build configuration list for PBXNativeTarget "QRZBarTests" */ = {
			isa = XCConfigurationList;
			buildConfigurations = (
				BFD126A914EBB7D800042533 /* Debug */,
				BFD126AA14EBB7D800042533 /* Release */,
			);
			defaultConfigurationIsVisible = 0;
			defaultConfigurationName = Release;
		};
/* End XCConfigurationList section */
	};
	rootObject = BFD1267814EBB7D700042533 /* Project object */;
}
